
Microsoft Visual Studio Solution File, Format Version 12.00
# Visual Studio 2013
VisualStudioVersion = 12.0.21005.1
MinimumVisualStudioVersion = 10.0.40219.1
Project("{8BC9CEB8-8B4A-11D0-8D11-00A0C91BC942}") = "HuffmanTree", "HuffmanTree\HuffmanTree.vcxproj", "{359D3ACC-CBF0-49FA-8A29-A13B2EABC477}"
EndProject
Project("{8BC9CEB8-8B4A-11D0-8D11-00A0C91BC942}") = "heap-sort", "heap-sort\heap-sort.vcxproj", "{405BD31A-AB58-4ABF-87E4-7854D0DCABBF}"
EndProject
Project("{8BC9CEB8-8B4A-11D0-8D11-00A0C91BC942}") = "merge-sort", "merge-sort\merge-sort.vcxproj", "{55A8D7D3-C387-46BF-9B02-D79113D7B55E}"
EndProject
Project("{8BC9CEB8-8B4A-11D0-8D11-00A0C91BC942}") = "insert-sort", "insert-sort\insert-sort.vcxproj", "{5831B706-1308-41CB-B975-38DAE63ED9F3}"
EndProject
Global
	GlobalSection(SolutionConfigurationPlatforms) = preSolution
		Debug|Win32 = Debug|Win32
		Release|Win32 = Release|Win32
	EndGlobalSection
	GlobalSection(ProjectConfigurationPlatforms) = postSolution
		{359D3ACC-CBF0-49FA-8A29-A13B2EABC477}.Debug|Win32.ActiveCfg = Debug|Win32
		{359D3ACC-CBF0-49FA-8A29-A13B2EABC477}.Debug|Win32.Build.0 = Debug|Win32
		{359D3ACC-CBF0-49FA-8A29-A13B2EABC477}.Release|Win32.ActiveCfg = Release|Win32
		{359D3ACC-CBF0-49FA-8A29-A13B2EABC477}.Release|Win32.Build.0 = Release|Win32
		{405BD31A-AB58-4ABF-87E4-7854D0DCABBF}.Debug|Win32.ActiveCfg = Debug|Win32
		{405BD31A-AB58-4ABF-87E4-7854D0DCABBF}.Debug|Win32.Build.0 = Debug|Win32
		{405BD31A-AB58-4ABF-87E4-7854D0DCABBF}.Release|Win32.ActiveCfg = Release|Win32
		{405BD31A-AB58-4ABF-87E4-7854D0DCABBF}.Release|Win32.Build.0 = Release|Win32
		{55A8D7D3-C387-46BF-9B02-D79113D7B55E}.Debug|Win32.ActiveCfg = Debug|Win32
		{55A8D7D3-C387-46BF-9B02-D79113D7B55E}.Debug|Win32.Build.0 = Debug|Win32
		{55A8D7D3-C387-46BF-9B02-D79113D7B55E}.Release|Win32.ActiveCfg = Release|Win32
		{55A8D7D3-C387-46BF-9B02-D79113D7B55E}.Release|Win32.Build.0 = Release|Win32
		{5831B706-1308-41CB-B975-38DAE63ED9F3}.Debug|Win32.ActiveCfg = Debug|Win32
		{5831B706-1308-41CB-B975-38DAE63ED9F3}.Debug|Win32.Build.0 = Debug|Win32
		{5831B706-1308-41CB-B975-38DAE63ED9F3}.Release|Win32.ActiveCfg = Release|Win32
		{5831B706-1308-41CB-B975-38DAE63ED9F3}.Release|Win32.Build.0 = Release|Win32
	EndGlobalSection
	GlobalSection(SolutionProperties) = preSolution
		HideSolutionNode = FALSE
	EndGlobalSection
EndGlobal
